
Microsoft Visual Studio Solution File, Format Version 12.00
# Visual Studio Version 17
VisualStudioVersion = 17.2.32516.85
MinimumVisualStudioVersion = 10.0.40219.1
Project("{FAE04EC0-301F-11D3-BF4B-00C04F79EFBC}") = "WpfApp1", "WpfApp1\WpfApp1.csproj", "{7006182D-2613-4162-9281-321811C90B34}"
EndProject
Global
	GlobalSection(SolutionConfigurationPlatforms) = preSolution
		Debug|Any CPU = Debug|Any CPU
		Release|Any CPU = Release|Any CPU
	EndGlobalSection
	GlobalSection(ProjectConfigurationPlatforms) = postSolution
		{7006182D-2613-4162-9281-321811C90B34}.Debug|Any CPU.ActiveCfg = Debug|Any CPU
		{7006182D-2613-4162-9281-321811C90B34}.Debug|Any CPU.Build.0 = Debug|Any CPU
		{7006182D-2613-4162-9281-321811C90B34}.Release|Any CPU.ActiveCfg = Release|Any CPU
		{7006182D-2613-4162-9281-321811C90B34}.Release|Any CPU.Build.0 = Release|Any CPU
	EndGlobalSection
	GlobalSection(SolutionProperties) = preSolution
		HideSolutionNode = FALSE
	EndGlobalSection
	GlobalSection(ExtensibilityGlobals) = postSolution
		SolutionGuid = {EADBC45D-06CD-4A91-A614-DD61B7F91490}
	EndGlobalSection
EndGlobal
